PODS:
  - FZCommitKit (0.0.7)
  - FZComponentsKit (0.0.2):
    - FZCommitKit (~> 0.0.7)

DEPENDENCIES:
  - FZCommitKit (~> 0.0.7)
  - FZComponentsKit (from `../`)

SPEC REPOS:
  https://github.com/dajiangjun887/FZPodSpecs.git:
    - FZCommitKit

EXTERNAL SOURCES:
  FZComponentsKit:
    :path: "../"

SPEC CHECKSUMS:
  FZCommitKit: fff0b3bb2e008097787a97b1953fbf6143295be0
  FZComponentsKit: 7d4568923a09eab03a7082b87432232dcf2aa640

PODFILE CHECKSUM: f601cd8b5d9a5a450f139c098907de7fe027a98c

COCOAPODS: 1.11.2
